
Microsoft Visual Studio Solution File, Format Version 12.00
# Visual Studio Version 17
VisualStudioVersion = 17.2.32616.157
MinimumVisualStudioVersion = 10.0.40219.1
Project("{FAE04EC0-301F-11D3-BF4B-00C04F79EFBC}") = "Ahorcado.Entities", "Ahorcado.Entities\Ahorcado.Entities.csproj", "{515C1632-1FB4-497E-BF06-0511A8343940}"
EndProject
Project("{FAE04EC0-301F-11D3-BF4B-00C04F79EFBC}") = "Ahorcado.Tests", "Ahorcado.Tests\Ahorcado.Tests.csproj", "{795308B7-CEED-4662-9A7F-48EA45B53C02}"
EndProject
Global
	GlobalSection(SolutionConfigurationPlatforms) = preSolution
		Debug|Any CPU = Debug|Any CPU
		Release|Any CPU = Release|Any CPU
	EndGlobalSection
	GlobalSection(ProjectConfigurationPlatforms) = postSolution
		{515C1632-1FB4-497E-BF06-0511A8343940}.Debug|Any CPU.ActiveCfg = Debug|Any CPU
		{515C1632-1FB4-497E-BF06-0511A8343940}.Debug|Any CPU.Build.0 = Debug|Any CPU
		{515C1632-1FB4-497E-BF06-0511A8343940}.Release|Any CPU.ActiveCfg = Release|Any CPU
		{515C1632-1FB4-497E-BF06-0511A8343940}.Release|Any CPU.Build.0 = Release|Any CPU
		{795308B7-CEED-4662-9A7F-48EA45B53C02}.Debug|Any CPU.ActiveCfg = Debug|Any CPU
		{795308B7-CEED-4662-9A7F-48EA45B53C02}.Debug|Any CPU.Build.0 = Debug|Any CPU
		{795308B7-CEED-4662-9A7F-48EA45B53C02}.Release|Any CPU.ActiveCfg = Release|Any CPU
		{795308B7-CEED-4662-9A7F-48EA45B53C02}.Release|Any CPU.Build.0 = Release|Any CPU
	EndGlobalSection
	GlobalSection(SolutionProperties) = preSolution
		HideSolutionNode = FALSE
	EndGlobalSection
	GlobalSection(ExtensibilityGlobals) = postSolution
		SolutionGuid = {9C157463-1F07-4066-A354-0E5EF318E0CA}
	EndGlobalSection
EndGlobal
